
Microsoft Visual Studio Solution File, Format Version 12.00
# Visual Studio Version 16
VisualStudioVersion = 16.0.30330.147
MinimumVisualStudioVersion = 10.0.40219.1
Project("{FAE04EC0-301F-11D3-BF4B-00C04F79EFBC}") = "View", "View\View.csproj", "{D2E319F4-F87F-4842-A6C3-35648E92B449}"
EndProject
Global
	GlobalSection(SolutionConfigurationPlatforms) = preSolution
		Debug|Any CPU = Debug|Any CPU
		Release|Any CPU = Release|Any CPU
	EndGlobalSection
	GlobalSection(ProjectConfigurationPlatforms) = postSolution
		{D2E319F4-F87F-4842-A6C3-35648E92B449}.Debug|Any CPU.ActiveCfg = Debug|Any CPU
		{D2E319F4-F87F-4842-A6C3-35648E92B449}.Debug|Any CPU.Build.0 = Debug|Any CPU
		{D2E319F4-F87F-4842-A6C3-35648E92B449}.Release|Any CPU.ActiveCfg = Release|Any CPU
		{D2E319F4-F87F-4842-A6C3-35648E92B449}.Release|Any CPU.Build.0 = Release|Any CPU
	EndGlobalSection
	GlobalSection(SolutionProperties) = preSolution
		HideSolutionNode = FALSE
	EndGlobalSection
	GlobalSection(ExtensibilityGlobals) = postSolution
		SolutionGuid = {D3E0D246-67AC-4F58-97C6-A1C07B3F8E31}
	EndGlobalSection
EndGlobal
